
Microsoft Visual Studio Solution File, Format Version 12.00
# Visual Studio 2013
VisualStudioVersion = 12.0.30501.0
MinimumVisualStudioVersion = 10.0.40219.1
Project("{FAE04EC0-301F-11D3-BF4B-00C04F79EFBC}") = "OneCog.Linq", "OneCog.Linq\OneCog.Linq.csproj", "{2DCC51F6-005A-43E3-90A0-91E468CF4C63}"
EndProject
Project("{FAE04EC0-301F-11D3-BF4B-00C04F79EFBC}") = "OneCog.Linq.Tests", "OneCog.Linq.Tests\OneCog.Linq.Tests.csproj", "{DA9AED45-BBE4-4E8B-978E-6FEDD6973204}"
EndProject
Global
	GlobalSection(SolutionConfigurationPlatforms) = preSolution
		Debug|Any CPU = Debug|Any CPU
		Release|Any CPU = Release|Any CPU
	EndGlobalSection
	GlobalSection(ProjectConfigurationPlatforms) = postSolution
		{2DCC51F6-005A-43E3-90A0-91E468CF4C63}.Debug|Any CPU.ActiveCfg = Debug|Any CPU
		{2DCC51F6-005A-43E3-90A0-91E468CF4C63}.Debug|Any CPU.Build.0 = Debug|Any CPU
		{2DCC51F6-005A-43E3-90A0-91E468CF4C63}.Release|Any CPU.ActiveCfg = Release|Any CPU
		{2DCC51F6-005A-43E3-90A0-91E468CF4C63}.Release|Any CPU.Build.0 = Release|Any CPU
		{DA9AED45-BBE4-4E8B-978E-6FEDD6973204}.Debug|Any CPU.ActiveCfg = Debug|Any CPU
		{DA9AED45-BBE4-4E8B-978E-6FEDD6973204}.Debug|Any CPU.Build.0 = Debug|Any CPU
		{DA9AED45-BBE4-4E8B-978E-6FEDD6973204}.Release|Any CPU.ActiveCfg = Release|Any CPU
		{DA9AED45-BBE4-4E8B-978E-6FEDD6973204}.Release|Any CPU.Build.0 = Release|Any CPU
	EndGlobalSection
	GlobalSection(SolutionProperties) = preSolution
		HideSolutionNode = FALSE
	EndGlobalSection
EndGlobal
